
Microsoft Visual Studio Solution File, Format Version 12.00
# Visual Studio Version 17
VisualStudioVersion = 17.1.32421.90
MinimumVisualStudioVersion = 10.0.40219.1
Project("{FAE04EC0-301F-11D3-BF4B-00C04F79EFBC}") = "Luffarshackslutuppgift", "Luffarshackslutuppgift\Luffarshackslutuppgift.csproj", "{BAE140B8-8C4E-4A2D-B600-E3177948F3CA}"
EndProject
Global
	GlobalSection(SolutionConfigurationPlatforms) = preSolution
		Debug|Any CPU = Debug|Any CPU
		Release|Any CPU = Release|Any CPU
	EndGlobalSection
	GlobalSection(ProjectConfigurationPlatforms) = postSolution
		{BAE140B8-8C4E-4A2D-B600-E3177948F3CA}.Debug|Any CPU.ActiveCfg = Debug|Any CPU
		{BAE140B8-8C4E-4A2D-B600-E3177948F3CA}.Debug|Any CPU.Build.0 = Debug|Any CPU
		{BAE140B8-8C4E-4A2D-B600-E3177948F3CA}.Release|Any CPU.ActiveCfg = Release|Any CPU
		{BAE140B8-8C4E-4A2D-B600-E3177948F3CA}.Release|Any CPU.Build.0 = Release|Any CPU
	EndGlobalSection
	GlobalSection(SolutionProperties) = preSolution
		HideSolutionNode = FALSE
	EndGlobalSection
	GlobalSection(ExtensibilityGlobals) = postSolution
		SolutionGuid = {BC7FE0EE-FA08-446C-8139-7C2B0839C312}
	EndGlobalSection
EndGlobal
